
Microsoft Visual Studio Solution File, Format Version 12.00
# Visual Studio Version 16
VisualStudioVersion = 16.0.29424.173
MinimumVisualStudioVersion = 10.0.40219.1
Project("{8BC9CEB8-8B4A-11D0-8D11-00A0C91BC942}") = "Lab2Visual", "Lab2Visual.vcxproj", "{6F77FDF2-9F0E-49AE-AB8E-B4218D64A923}"
EndProject
Global
	GlobalSection(SolutionConfigurationPlatforms) = preSolution
		Debug|x64 = Debug|x64
		Debug|x86 = Debug|x86
		Release|x64 = Release|x64
		Release|x86 = Release|x86
	EndGlobalSection
	GlobalSection(ProjectConfigurationPlatforms) = postSolution
		{6F77FDF2-9F0E-49AE-AB8E-B4218D64A923}.Debug|x64.ActiveCfg = Debug|x64
		{6F77FDF2-9F0E-49AE-AB8E-B4218D64A923}.Debug|x64.Build.0 = Debug|x64
		{6F77FDF2-9F0E-49AE-AB8E-B4218D64A923}.Debug|x86.ActiveCfg = Debug|Win32
		{6F77FDF2-9F0E-49AE-AB8E-B4218D64A923}.Debug|x86.Build.0 = Debug|Win32
		{6F77FDF2-9F0E-49AE-AB8E-B4218D64A923}.Release|x64.ActiveCfg = Release|x64
		{6F77FDF2-9F0E-49AE-AB8E-B4218D64A923}.Release|x64.Build.0 = Release|x64
		{6F77FDF2-9F0E-49AE-AB8E-B4218D64A923}.Release|x86.ActiveCfg = Release|Win32
		{6F77FDF2-9F0E-49AE-AB8E-B4218D64A923}.Release|x86.Build.0 = Release|Win32
	EndGlobalSection
	GlobalSection(SolutionProperties) = preSolution
		HideSolutionNode = FALSE
	EndGlobalSection
	GlobalSection(ExtensibilityGlobals) = postSolution
		SolutionGuid = {20999CFA-A672-47FF-9065-D7A618B8E1A4}
	EndGlobalSection
EndGlobal
